PODS:
  - MBProgressHUD (1.2.0)
  - SDWebImage (5.6.1):
    - SDWebImage/Core (= 5.6.1)
  - SDWebImage/Core (5.6.1)

DEPENDENCIES:
  - MBProgressHUD
  - SDWebImage

SPEC REPOS:
  trunk:
    - MBProgressHUD
    - SDWebImage

SPEC CHECKSUMS:
  MBProgressHUD: 3ee5efcc380f6a79a7cc9b363dd669c5e1ae7406
  SDWebImage: 7edb9c3ea661e77a66661f7f044de8c1b55d1120

PODFILE CHECKSUM: 070b73a0a1ef04b79ef4a2e3bec5cac9700eac2e

COCOAPODS: 1.8.4
